
Microsoft Visual Studio Solution File, Format Version 12.00
Project("{FAE04EC0-301F-11D3-BF4B-00C04F79EFBC}") = "PhoronixResultViewer", "PhoronixResultViewer\PhoronixResultViewer.csproj", "{0EA51407-AFF4-4084-91A3-FE5792D1BE39}"
EndProject
Global
	GlobalSection(SolutionConfigurationPlatforms) = preSolution
		Debug|Any CPU = Debug|Any CPU
		Release|Any CPU = Release|Any CPU
	EndGlobalSection
	GlobalSection(ProjectConfigurationPlatforms) = postSolution
		{0EA51407-AFF4-4084-91A3-FE5792D1BE39}.Debug|Any CPU.ActiveCfg = Debug|Any CPU
		{0EA51407-AFF4-4084-91A3-FE5792D1BE39}.Debug|Any CPU.Build.0 = Debug|Any CPU
		{0EA51407-AFF4-4084-91A3-FE5792D1BE39}.Release|Any CPU.ActiveCfg = Release|Any CPU
		{0EA51407-AFF4-4084-91A3-FE5792D1BE39}.Release|Any CPU.Build.0 = Release|Any CPU
	EndGlobalSection
EndGlobal
